
Microsoft Visual Studio Solution File, Format Version 12.00
# Visual Studio Version 16
VisualStudioVersion = 16.0.29709.97
MinimumVisualStudioVersion = 10.0.40219.1
Project("{FAE04EC0-301F-11D3-BF4B-00C04F79EFBC}") = "SeizeTheDay.Web", "SeizeTheDay.Web\SeizeTheDay.Web.csproj", "{4C3DE72E-7791-44D4-BEAC-C2546091E7F7}"
EndProject
Project("{FAE04EC0-301F-11D3-BF4B-00C04F79EFBC}") = "SeizeTheDay.Entities", "SeizeTheDay.Entities\SeizeTheDay.Entities.csproj", "{A24AD207-6920-4F3F-B18D-564B079019CC}"
EndProject
Project("{FAE04EC0-301F-11D3-BF4B-00C04F79EFBC}") = "SeizeTheDay.Business", "SeizeTheDay.Business\SeizeTheDay.Business.csproj", "{1F8586EF-790E-4458-8F74-06ED58A8A5FF}"
EndProject
Project("{FAE04EC0-301F-11D3-BF4B-00C04F79EFBC}") = "SeizeTheDay.DataAccess", "SeizeTheDay.DataAccess\SeizeTheDay.DataAccess.csproj", "{E16BB027-349C-47B4-B7F4-09AF222A88D0}"
EndProject
Project("{FAE04EC0-301F-11D3-BF4B-00C04F79EFBC}") = "SeizeTheDay.Common", "SeizeTheDay.Common\SeizeTheDay.Common.csproj", "{5E0DA995-D74E-4ADA-8C3F-D655FA594567}"
EndProject
Project("{2150E333-8FDC-42A3-9474-1A3956D46DE8}") = "Applications", "Applications", "{ECE52B1B-A0DE-48F3-B001-8DB2045A331A}"
EndProject
Project("{2150E333-8FDC-42A3-9474-1A3956D46DE8}") = "Business", "Business", "{69E3146A-2781-46B4-9ED0-53A394D1EA6A}"
EndProject
Project("{2150E333-8FDC-42A3-9474-1A3956D46DE8}") = "DataLayer", "DataLayer", "{2A7D6B92-6F47-448B-9963-69C712AAFDA0}"
EndProject
Project("{2150E333-8FDC-42A3-9474-1A3956D46DE8}") = "Core", "Core", "{9A062816-9831-469A-8532-BEAA9A316E97}"
EndProject
Project("{2150E333-8FDC-42A3-9474-1A3956D46DE8}") = "Common", "Common", "{C327E1A8-1AA8-42C6-AD88-2C44ECEBA8E7}"
EndProject
Project("{FAE04EC0-301F-11D3-BF4B-00C04F79EFBC}") = "SeizeTheDay.Core", "SeizeTheDay.Core\SeizeTheDay.Core.csproj", "{18723BD2-A5DE-4635-8C62-5DBCDCCB5FA3}"
EndProject
Project("{FAE04EC0-301F-11D3-BF4B-00C04F79EFBC}") = "SeizeTheDay.DataDomain", "SeizeTheDay.DataDomain\SeizeTheDay.DataDomain.csproj", "{EC241A13-1A40-4AAC-9D3B-7CE868D743B4}"
EndProject
Project("{2150E333-8FDC-42A3-9474-1A3956D46DE8}") = "Tests", "Tests", "{441F3F97-5B47-4D5B-96A6-69BCECA034E2}"
EndProject
Project("{FAE04EC0-301F-11D3-BF4B-00C04F79EFBC}") = "SeizeTheDay.DataAccess.Tests", "SeizeTheDay.DataAccess.Tests\SeizeTheDay.DataAccess.Tests.csproj", "{8FB42021-A393-44CB-AE2B-860E412C4F96}"
EndProject
Project("{FAE04EC0-301F-11D3-BF4B-00C04F79EFBC}") = "SeizeTheDay.Business.Tests", "SeizeTheDay.Business.Tests\SeizeTheDay.Business.Tests.csproj", "{F592AAC6-3318-4AD7-84E8-D6C9B45600F0}"
EndProject
Project("{FAE04EC0-301F-11D3-BF4B-00C04F79EFBC}") = "SeizeTheDay.WebUI.Tests", "SeizeTheDay.WebUI.Tests\SeizeTheDay.WebUI.Tests.csproj", "{BE2F27C9-5510-42D4-A279-2A3715DD186D}"
EndProject
Project("{2150E333-8FDC-42A3-9474-1A3956D46DE8}") = "Infrastructure", "Infrastructure", "{CB879254-4A32-4678-B112-B4D1647B354E}"
EndProject
Project("{FAE04EC0-301F-11D3-BF4B-00C04F79EFBC}") = "SeizeTheDay.IoC", "SeizeTheDay.IoC\SeizeTheDay.IoC.csproj", "{3C601B04-DE79-4686-A2E8-3C47D61055B8}"
EndProject
Project("{FAE04EC0-301F-11D3-BF4B-00C04F79EFBC}") = "SeizeTheDay.Ninject", "SeizeTheDay.Ninject\SeizeTheDay.Ninject.csproj", "{4B208E47-2821-4FA3-A681-595DD1A0DDC8}"
EndProject
Project("{FAE04EC0-301F-11D3-BF4B-00C04F79EFBC}") = "SeizeTheDay.Api", "SeizeTheDay.Api\SeizeTheDay.Api.csproj", "{DEC7DA64-8010-417F-807F-C4FA10DBB8B6}"
EndProject
Project("{FAE04EC0-301F-11D3-BF4B-00C04F79EFBC}") = "SeizeTheDay.Data", "SeizeTheDay.Data\SeizeTheDay.Data.csproj", "{B71A3CE3-5D17-45B4-B745-26FB53B9E3DC}"
EndProject
Project("{FAE04EC0-301F-11D3-BF4B-00C04F79EFBC}") = "SeizeTheDay.Admin", "SeizeTheDay.Admin\SeizeTheDay.Admin.csproj", "{A9CE8A49-B49C-466B-9F33-6E98DC2DC95C}"
EndProject
Global
	GlobalSection(SolutionConfigurationPlatforms) = preSolution
		Debug|Any CPU = Debug|Any CPU
		Release|Any CPU = Release|Any CPU
	EndGlobalSection
	GlobalSection(ProjectConfigurationPlatforms) = postSolution
		{4C3DE72E-7791-44D4-BEAC-C2546091E7F7}.Debug|Any CPU.ActiveCfg = Debug|Any CPU
		{4C3DE72E-7791-44D4-BEAC-C2546091E7F7}.Debug|Any CPU.Build.0 = Debug|Any CPU
		{4C3DE72E-7791-44D4-BEAC-C2546091E7F7}.Release|Any CPU.ActiveCfg = Release|Any CPU
		{4C3DE72E-7791-44D4-BEAC-C2546091E7F7}.Release|Any CPU.Build.0 = Release|Any CPU
		{A24AD207-6920-4F3F-B18D-564B079019CC}.Debug|Any CPU.ActiveCfg = Debug|Any CPU
		{A24AD207-6920-4F3F-B18D-564B079019CC}.Debug|Any CPU.Build.0 = Debug|Any CPU
		{A24AD207-6920-4F3F-B18D-564B079019CC}.Release|Any CPU.ActiveCfg = Release|Any CPU
		{A24AD207-6920-4F3F-B18D-564B079019CC}.Release|Any CPU.Build.0 = Release|Any CPU
		{1F8586EF-790E-4458-8F74-06ED58A8A5FF}.Debug|Any CPU.ActiveCfg = Debug|Any CPU
		{1F8586EF-790E-4458-8F74-06ED58A8A5FF}.Debug|Any CPU.Build.0 = Debug|Any CPU
		{1F8586EF-790E-4458-8F74-06ED58A8A5FF}.Release|Any CPU.ActiveCfg = Release|Any CPU
		{1F8586EF-790E-4458-8F74-06ED58A8A5FF}.Release|Any CPU.Build.0 = Release|Any CPU
		{E16BB027-349C-47B4-B7F4-09AF222A88D0}.Debug|Any CPU.ActiveCfg = Debug|Any CPU
		{E16BB027-349C-47B4-B7F4-09AF222A88D0}.Debug|Any CPU.Build.0 = Debug|Any CPU
		{E16BB027-349C-47B4-B7F4-09AF222A88D0}.Release|Any CPU.ActiveCfg = Release|Any CPU
		{E16BB027-349C-47B4-B7F4-09AF222A88D0}.Release|Any CPU.Build.0 = Release|Any CPU
		{5E0DA995-D74E-4ADA-8C3F-D655FA594567}.Debug|Any CPU.ActiveCfg = Debug|Any CPU
		{5E0DA995-D74E-4ADA-8C3F-D655FA594567}.Debug|Any CPU.Build.0 = Debug|Any CPU
		{5E0DA995-D74E-4ADA-8C3F-D655FA594567}.Release|Any CPU.ActiveCfg = Release|Any CPU
		{5E0DA995-D74E-4ADA-8C3F-D655FA594567}.Release|Any CPU.Build.0 = Release|Any CPU
		{18723BD2-A5DE-4635-8C62-5DBCDCCB5FA3}.Debug|Any CPU.ActiveCfg = Debug|Any CPU
		{18723BD2-A5DE-4635-8C62-5DBCDCCB5FA3}.Debug|Any CPU.Build.0 = Debug|Any CPU
		{18723BD2-A5DE-4635-8C62-5DBCDCCB5FA3}.Release|Any CPU.ActiveCfg = Release|Any CPU
		{18723BD2-A5DE-4635-8C62-5DBCDCCB5FA3}.Release|Any CPU.Build.0 = Release|Any CPU
		{EC241A13-1A40-4AAC-9D3B-7CE868D743B4}.Debug|Any CPU.ActiveCfg = Debug|Any CPU
		{EC241A13-1A40-4AAC-9D3B-7CE868D743B4}.Debug|Any CPU.Build.0 = Debug|Any CPU
		{EC241A13-1A40-4AAC-9D3B-7CE868D743B4}.Release|Any CPU.ActiveCfg = Release|Any CPU
		{EC241A13-1A40-4AAC-9D3B-7CE868D743B4}.Release|Any CPU.Build.0 = Release|Any CPU
		{8FB42021-A393-44CB-AE2B-860E412C4F96}.Debug|Any CPU.ActiveCfg = Debug|Any CPU
		{8FB42021-A393-44CB-AE2B-860E412C4F96}.Debug|Any CPU.Build.0 = Debug|Any CPU
		{8FB42021-A393-44CB-AE2B-860E412C4F96}.Release|Any CPU.ActiveCfg = Release|Any CPU
		{8FB42021-A393-44CB-AE2B-860E412C4F96}.Release|Any CPU.Build.0 = Release|Any CPU
		{F592AAC6-3318-4AD7-84E8-D6C9B45600F0}.Debug|Any CPU.ActiveCfg = Debug|Any CPU
		{F592AAC6-3318-4AD7-84E8-D6C9B45600F0}.Debug|Any CPU.Build.0 = Debug|Any CPU
		{F592AAC6-3318-4AD7-84E8-D6C9B45600F0}.Release|Any CPU.ActiveCfg = Release|Any CPU
		{F592AAC6-3318-4AD7-84E8-D6C9B45600F0}.Release|Any CPU.Build.0 = Release|Any CPU
		{BE2F27C9-5510-42D4-A279-2A3715DD186D}.Debug|Any CPU.ActiveCfg = Debug|Any CPU
		{BE2F27C9-5510-42D4-A279-2A3715DD186D}.Debug|Any CPU.Build.0 = Debug|Any CPU
		{BE2F27C9-5510-42D4-A279-2A3715DD186D}.Release|Any CPU.ActiveCfg = Release|Any CPU
		{BE2F27C9-5510-42D4-A279-2A3715DD186D}.Release|Any CPU.Build.0 = Release|Any CPU
		{3C601B04-DE79-4686-A2E8-3C47D61055B8}.Debug|Any CPU.ActiveCfg = Debug|Any CPU
		{3C601B04-DE79-4686-A2E8-3C47D61055B8}.Debug|Any CPU.Build.0 = Debug|Any CPU
		{3C601B04-DE79-4686-A2E8-3C47D61055B8}.Release|Any CPU.ActiveCfg = Release|Any CPU
		{3C601B04-DE79-4686-A2E8-3C47D61055B8}.Release|Any CPU.Build.0 = Release|Any CPU
		{4B208E47-2821-4FA3-A681-595DD1A0DDC8}.Debug|Any CPU.ActiveCfg = Debug|Any CPU
		{4B208E47-2821-4FA3-A681-595DD1A0DDC8}.Debug|Any CPU.Build.0 = Debug|Any CPU
		{4B208E47-2821-4FA3-A681-595DD1A0DDC8}.Release|Any CPU.ActiveCfg = Release|Any CPU
		{4B208E47-2821-4FA3-A681-595DD1A0DDC8}.Release|Any CPU.Build.0 = Release|Any CPU
		{DEC7DA64-8010-417F-807F-C4FA10DBB8B6}.Debug|Any CPU.ActiveCfg = Debug|Any CPU
		{DEC7DA64-8010-417F-807F-C4FA10DBB8B6}.Debug|Any CPU.Build.0 = Debug|Any CPU
		{DEC7DA64-8010-417F-807F-C4FA10DBB8B6}.Release|Any CPU.ActiveCfg = Release|Any CPU
		{DEC7DA64-8010-417F-807F-C4FA10DBB8B6}.Release|Any CPU.Build.0 = Release|Any CPU
		{B71A3CE3-5D17-45B4-B745-26FB53B9E3DC}.Debug|Any CPU.ActiveCfg = Debug|Any CPU
		{B71A3CE3-5D17-45B4-B745-26FB53B9E3DC}.Debug|Any CPU.Build.0 = Debug|Any CPU
		{B71A3CE3-5D17-45B4-B745-26FB53B9E3DC}.Release|Any CPU.ActiveCfg = Release|Any CPU
		{B71A3CE3-5D17-45B4-B745-26FB53B9E3DC}.Release|Any CPU.Build.0 = Release|Any CPU
		{A9CE8A49-B49C-466B-9F33-6E98DC2DC95C}.Debug|Any CPU.ActiveCfg = Debug|Any CPU
		{A9CE8A49-B49C-466B-9F33-6E98DC2DC95C}.Debug|Any CPU.Build.0 = Debug|Any CPU
		{A9CE8A49-B49C-466B-9F33-6E98DC2DC95C}.Release|Any CPU.ActiveCfg = Release|Any CPU
		{A9CE8A49-B49C-466B-9F33-6E98DC2DC95C}.Release|Any CPU.Build.0 = Release|Any CPU
	EndGlobalSection
	GlobalSection(SolutionProperties) = preSolution
		HideSolutionNode = FALSE
	EndGlobalSection
	GlobalSection(NestedProjects) = preSolution
		{4C3DE72E-7791-44D4-BEAC-C2546091E7F7} = {ECE52B1B-A0DE-48F3-B001-8DB2045A331A}
		{A24AD207-6920-4F3F-B18D-564B079019CC} = {2A7D6B92-6F47-448B-9963-69C712AAFDA0}
		{1F8586EF-790E-4458-8F74-06ED58A8A5FF} = {69E3146A-2781-46B4-9ED0-53A394D1EA6A}
		{E16BB027-349C-47B4-B7F4-09AF222A88D0} = {2A7D6B92-6F47-448B-9963-69C712AAFDA0}
		{5E0DA995-D74E-4ADA-8C3F-D655FA594567} = {C327E1A8-1AA8-42C6-AD88-2C44ECEBA8E7}
		{18723BD2-A5DE-4635-8C62-5DBCDCCB5FA3} = {9A062816-9831-469A-8532-BEAA9A316E97}
		{EC241A13-1A40-4AAC-9D3B-7CE868D743B4} = {2A7D6B92-6F47-448B-9963-69C712AAFDA0}
		{8FB42021-A393-44CB-AE2B-860E412C4F96} = {441F3F97-5B47-4D5B-96A6-69BCECA034E2}
		{F592AAC6-3318-4AD7-84E8-D6C9B45600F0} = {441F3F97-5B47-4D5B-96A6-69BCECA034E2}
		{BE2F27C9-5510-42D4-A279-2A3715DD186D} = {441F3F97-5B47-4D5B-96A6-69BCECA034E2}
		{3C601B04-DE79-4686-A2E8-3C47D61055B8} = {CB879254-4A32-4678-B112-B4D1647B354E}
		{4B208E47-2821-4FA3-A681-595DD1A0DDC8} = {CB879254-4A32-4678-B112-B4D1647B354E}
		{DEC7DA64-8010-417F-807F-C4FA10DBB8B6} = {ECE52B1B-A0DE-48F3-B001-8DB2045A331A}
		{B71A3CE3-5D17-45B4-B745-26FB53B9E3DC} = {2A7D6B92-6F47-448B-9963-69C712AAFDA0}
		{A9CE8A49-B49C-466B-9F33-6E98DC2DC95C} = {ECE52B1B-A0DE-48F3-B001-8DB2045A331A}
	EndGlobalSection
	GlobalSection(ExtensibilityGlobals) = postSolution
		SolutionGuid = {EB9B17B4-720D-4E5A-871F-F08669913465}
	EndGlobalSection
EndGlobal
